
Microsoft Visual Studio Solution File, Format Version 12.00
# Visual Studio Version 17
VisualStudioVersion = 17.3.32929.385
MinimumVisualStudioVersion = 10.0.40219.1
Project("{2150E333-8FDC-42A3-9474-1A3956D46DE8}") = "Solution Items", "Solution Items", "{0AA7F371-1276-4EDB-A3BB-A37CB6C312B5}"
	ProjectSection(SolutionItems) = preProject
		.gitignore = .gitignore
	EndProjectSection
EndProject
Project("{FAE04EC0-301F-11D3-BF4B-00C04F79EFBC}") = "Asteroids", "Asteroids\Asteroids.csproj", "{0FD13EEA-ECEB-4DB2-AF02-A41A1F4A7F82}"
EndProject
Project("{FAE04EC0-301F-11D3-BF4B-00C04F79EFBC}") = "Galax", "Galax\Galax.csproj", "{C45894BE-1303-4367-9902-C3254FCF182C}"
EndProject
Project("{FAE04EC0-301F-11D3-BF4B-00C04F79EFBC}") = "Noid", "Noid\Noid.csproj", "{07E34974-8982-469E-BFE8-9C302B3B5E3B}"
EndProject
Project("{FAE04EC0-301F-11D3-BF4B-00C04F79EFBC}") = "Pong", "Pong\Pong.csproj", "{686D5DF5-8850-486D-96E3-F32B70F9D6DC}"
EndProject
Project("{FAE04EC0-301F-11D3-BF4B-00C04F79EFBC}") = "Snake", "Snake\Snake.csproj", "{FC8EFA96-77EC-4538-8543-42785C9A721C}"
EndProject
Project("{FAE04EC0-301F-11D3-BF4B-00C04F79EFBC}") = "Tutorials", "Tutorials\Tutorials.csproj", "{9ACF81D5-B15C-4D41-B880-67689D1E898A}"
EndProject
Project("{FAE04EC0-301F-11D3-BF4B-00C04F79EFBC}") = "Tekrips", "Tekrips\Tekrips.csproj", "{795A944F-8F88-468B-8534-750BF981C59E}"
EndProject
Project("{FAE04EC0-301F-11D3-BF4B-00C04F79EFBC}") = "PerdidoEnElTiempo", "PerdidoEnElTiempo\PerdidoEnElTiempo.csproj", "{9500277E-B07B-4594-8596-F49D6A7EF440}"
EndProject
Project("{FAE04EC0-301F-11D3-BF4B-00C04F79EFBC}") = "Kriptok.Intruder", "Kriptok.Intruder\Kriptok.Intruder.csproj", "{14B3C223-111E-48FD-8761-D54037FE1EAB}"
EndProject
Project("{FAE04EC0-301F-11D3-BF4B-00C04F79EFBC}") = "Kriptok.AnaglyphZone", "Kriptok.AnaglyphZone\Kriptok.AnaglyphZone.csproj", "{268A8F4C-F0BC-418A-8D73-F633A9E25871}"
EndProject
Project("{FAE04EC0-301F-11D3-BF4B-00C04F79EFBC}") = "Kriptok.Tehuelche", "Kriptok.Tehuelche\Kriptok.Tehuelche.csproj", "{27834153-04F9-428A-B0F1-1733367B1F93}"
EndProject
Project("{FAE04EC0-301F-11D3-BF4B-00C04F79EFBC}") = "Pacoman", "Pacoman\Pacoman.csproj", "{E44CCFB5-F5AF-458B-8B6D-C9DBEF9FE259}"
EndProject
Project("{2150E333-8FDC-42A3-9474-1A3956D46DE8}") = "DivGamesStudio", "DivGamesStudio", "{9D0FCEEC-00DB-4DDC-BB80-EB72BCD98DB5}"
EndProject
Project("{FAE04EC0-301F-11D3-BF4B-00C04F79EFBC}") = "Exploss", "Exploss\Exploss.csproj", "{80CF6153-150C-4B2B-BF9F-137A2F871AB2}"
EndProject
Global
	GlobalSection(SolutionConfigurationPlatforms) = preSolution
		Code Analysis|Any CPU = Code Analysis|Any CPU
		Debug|Any CPU = Debug|Any CPU
		Debug-Performance|Any CPU = Debug-Performance|Any CPU
		Release|Any CPU = Release|Any CPU
		Release-FPS|Any CPU = Release-FPS|Any CPU
	EndGlobalSection
	GlobalSection(ProjectConfigurationPlatforms) = postSolution
		{0FD13EEA-ECEB-4DB2-AF02-A41A1F4A7F82}.Code Analysis|Any CPU.ActiveCfg = Release-FPS|Any CPU
		{0FD13EEA-ECEB-4DB2-AF02-A41A1F4A7F82}.Code Analysis|Any CPU.Build.0 = Release-FPS|Any CPU
		{0FD13EEA-ECEB-4DB2-AF02-A41A1F4A7F82}.Debug|Any CPU.ActiveCfg = Debug|Any CPU
		{0FD13EEA-ECEB-4DB2-AF02-A41A1F4A7F82}.Debug|Any CPU.Build.0 = Debug|Any CPU
		{0FD13EEA-ECEB-4DB2-AF02-A41A1F4A7F82}.Debug-Performance|Any CPU.ActiveCfg = Debug|Any CPU
		{0FD13EEA-ECEB-4DB2-AF02-A41A1F4A7F82}.Debug-Performance|Any CPU.Build.0 = Debug|Any CPU
		{0FD13EEA-ECEB-4DB2-AF02-A41A1F4A7F82}.Release|Any CPU.ActiveCfg = Release|Any CPU
		{0FD13EEA-ECEB-4DB2-AF02-A41A1F4A7F82}.Release|Any CPU.Build.0 = Release|Any CPU
		{0FD13EEA-ECEB-4DB2-AF02-A41A1F4A7F82}.Release-FPS|Any CPU.ActiveCfg = Release-FPS|Any CPU
		{0FD13EEA-ECEB-4DB2-AF02-A41A1F4A7F82}.Release-FPS|Any CPU.Build.0 = Release-FPS|Any CPU
		{C45894BE-1303-4367-9902-C3254FCF182C}.Code Analysis|Any CPU.ActiveCfg = Release-FPS|Any CPU
		{C45894BE-1303-4367-9902-C3254FCF182C}.Code Analysis|Any CPU.Build.0 = Release-FPS|Any CPU
		{C45894BE-1303-4367-9902-C3254FCF182C}.Debug|Any CPU.ActiveCfg = Debug|Any CPU
		{C45894BE-1303-4367-9902-C3254FCF182C}.Debug|Any CPU.Build.0 = Debug|Any CPU
		{C45894BE-1303-4367-9902-C3254FCF182C}.Debug-Performance|Any CPU.ActiveCfg = Debug|Any CPU
		{C45894BE-1303-4367-9902-C3254FCF182C}.Debug-Performance|Any CPU.Build.0 = Debug|Any CPU
		{C45894BE-1303-4367-9902-C3254FCF182C}.Release|Any CPU.ActiveCfg = Release|Any CPU
		{C45894BE-1303-4367-9902-C3254FCF182C}.Release|Any CPU.Build.0 = Release|Any CPU
		{C45894BE-1303-4367-9902-C3254FCF182C}.Release-FPS|Any CPU.ActiveCfg = Release-FPS|Any CPU
		{C45894BE-1303-4367-9902-C3254FCF182C}.Release-FPS|Any CPU.Build.0 = Release-FPS|Any CPU
		{07E34974-8982-469E-BFE8-9C302B3B5E3B}.Code Analysis|Any CPU.ActiveCfg = Release-FPS|Any CPU
		{07E34974-8982-469E-BFE8-9C302B3B5E3B}.Code Analysis|Any CPU.Build.0 = Release-FPS|Any CPU
		{07E34974-8982-469E-BFE8-9C302B3B5E3B}.Debug|Any CPU.ActiveCfg = Debug|Any CPU
		{07E34974-8982-469E-BFE8-9C302B3B5E3B}.Debug|Any CPU.Build.0 = Debug|Any CPU
		{07E34974-8982-469E-BFE8-9C302B3B5E3B}.Debug-Performance|Any CPU.ActiveCfg = Debug|Any CPU
		{07E34974-8982-469E-BFE8-9C302B3B5E3B}.Debug-Performance|Any CPU.Build.0 = Debug|Any CPU
		{07E34974-8982-469E-BFE8-9C302B3B5E3B}.Release|Any CPU.ActiveCfg = Release|Any CPU
		{07E34974-8982-469E-BFE8-9C302B3B5E3B}.Release|Any CPU.Build.0 = Release|Any CPU
		{07E34974-8982-469E-BFE8-9C302B3B5E3B}.Release-FPS|Any CPU.ActiveCfg = Release-FPS|Any CPU
		{07E34974-8982-469E-BFE8-9C302B3B5E3B}.Release-FPS|Any CPU.Build.0 = Release-FPS|Any CPU
		{686D5DF5-8850-486D-96E3-F32B70F9D6DC}.Code Analysis|Any CPU.ActiveCfg = Release-FPS|Any CPU
		{686D5DF5-8850-486D-96E3-F32B70F9D6DC}.Code Analysis|Any CPU.Build.0 = Release-FPS|Any CPU
		{686D5DF5-8850-486D-96E3-F32B70F9D6DC}.Debug|Any CPU.ActiveCfg = Debug|Any CPU
		{686D5DF5-8850-486D-96E3-F32B70F9D6DC}.Debug|Any CPU.Build.0 = Debug|Any CPU
		{686D5DF5-8850-486D-96E3-F32B70F9D6DC}.Debug-Performance|Any CPU.ActiveCfg = Debug|Any CPU
		{686D5DF5-8850-486D-96E3-F32B70F9D6DC}.Debug-Performance|Any CPU.Build.0 = Debug|Any CPU
		{686D5DF5-8850-486D-96E3-F32B70F9D6DC}.Release|Any CPU.ActiveCfg = Release|Any CPU
		{686D5DF5-8850-486D-96E3-F32B70F9D6DC}.Release|Any CPU.Build.0 = Release|Any CPU
		{686D5DF5-8850-486D-96E3-F32B70F9D6DC}.Release-FPS|Any CPU.ActiveCfg = Release-FPS|Any CPU
		{686D5DF5-8850-486D-96E3-F32B70F9D6DC}.Release-FPS|Any CPU.Build.0 = Release-FPS|Any CPU
		{FC8EFA96-77EC-4538-8543-42785C9A721C}.Code Analysis|Any CPU.ActiveCfg = Release-FPS|Any CPU
		{FC8EFA96-77EC-4538-8543-42785C9A721C}.Code Analysis|Any CPU.Build.0 = Release-FPS|Any CPU
		{FC8EFA96-77EC-4538-8543-42785C9A721C}.Debug|Any CPU.ActiveCfg = Debug|Any CPU
		{FC8EFA96-77EC-4538-8543-42785C9A721C}.Debug|Any CPU.Build.0 = Debug|Any CPU
		{FC8EFA96-77EC-4538-8543-42785C9A721C}.Debug-Performance|Any CPU.ActiveCfg = Debug|Any CPU
		{FC8EFA96-77EC-4538-8543-42785C9A721C}.Debug-Performance|Any CPU.Build.0 = Debug|Any CPU
		{FC8EFA96-77EC-4538-8543-42785C9A721C}.Release|Any CPU.ActiveCfg = Release|Any CPU
		{FC8EFA96-77EC-4538-8543-42785C9A721C}.Release|Any CPU.Build.0 = Release|Any CPU
		{FC8EFA96-77EC-4538-8543-42785C9A721C}.Release-FPS|Any CPU.ActiveCfg = Release-FPS|Any CPU
		{FC8EFA96-77EC-4538-8543-42785C9A721C}.Release-FPS|Any CPU.Build.0 = Release-FPS|Any CPU
		{9ACF81D5-B15C-4D41-B880-67689D1E898A}.Code Analysis|Any CPU.ActiveCfg = Release-FPS|Any CPU
		{9ACF81D5-B15C-4D41-B880-67689D1E898A}.Code Analysis|Any CPU.Build.0 = Release-FPS|Any CPU
		{9ACF81D5-B15C-4D41-B880-67689D1E898A}.Debug|Any CPU.ActiveCfg = Debug|Any CPU
		{9ACF81D5-B15C-4D41-B880-67689D1E898A}.Debug|Any CPU.Build.0 = Debug|Any CPU
		{9ACF81D5-B15C-4D41-B880-67689D1E898A}.Debug-Performance|Any CPU.ActiveCfg = Debug|Any CPU
		{9ACF81D5-B15C-4D41-B880-67689D1E898A}.Debug-Performance|Any CPU.Build.0 = Debug|Any CPU
		{9ACF81D5-B15C-4D41-B880-67689D1E898A}.Release|Any CPU.ActiveCfg = Release|Any CPU
		{9ACF81D5-B15C-4D41-B880-67689D1E898A}.Release|Any CPU.Build.0 = Release|Any CPU
		{9ACF81D5-B15C-4D41-B880-67689D1E898A}.Release-FPS|Any CPU.ActiveCfg = Release-FPS|Any CPU
		{9ACF81D5-B15C-4D41-B880-67689D1E898A}.Release-FPS|Any CPU.Build.0 = Release-FPS|Any CPU
		{795A944F-8F88-468B-8534-750BF981C59E}.Code Analysis|Any CPU.ActiveCfg = Release-FPS|Any CPU
		{795A944F-8F88-468B-8534-750BF981C59E}.Code Analysis|Any CPU.Build.0 = Release-FPS|Any CPU
		{795A944F-8F88-468B-8534-750BF981C59E}.Debug|Any CPU.ActiveCfg = Debug|Any CPU
		{795A944F-8F88-468B-8534-750BF981C59E}.Debug|Any CPU.Build.0 = Debug|Any CPU
		{795A944F-8F88-468B-8534-750BF981C59E}.Debug-Performance|Any CPU.ActiveCfg = Debug|Any CPU
		{795A944F-8F88-468B-8534-750BF981C59E}.Debug-Performance|Any CPU.Build.0 = Debug|Any CPU
		{795A944F-8F88-468B-8534-750BF981C59E}.Release|Any CPU.ActiveCfg = Release|Any CPU
		{795A944F-8F88-468B-8534-750BF981C59E}.Release|Any CPU.Build.0 = Release|Any CPU
		{795A944F-8F88-468B-8534-750BF981C59E}.Release-FPS|Any CPU.ActiveCfg = Release-FPS|Any CPU
		{795A944F-8F88-468B-8534-750BF981C59E}.Release-FPS|Any CPU.Build.0 = Release-FPS|Any CPU
		{9500277E-B07B-4594-8596-F49D6A7EF440}.Code Analysis|Any CPU.ActiveCfg = Release|Any CPU
		{9500277E-B07B-4594-8596-F49D6A7EF440}.Code Analysis|Any CPU.Build.0 = Release|Any CPU
		{9500277E-B07B-4594-8596-F49D6A7EF440}.Debug|Any CPU.ActiveCfg = Debug|Any CPU
		{9500277E-B07B-4594-8596-F49D6A7EF440}.Debug|Any CPU.Build.0 = Debug|Any CPU
		{9500277E-B07B-4594-8596-F49D6A7EF440}.Debug-Performance|Any CPU.ActiveCfg = Debug|Any CPU
		{9500277E-B07B-4594-8596-F49D6A7EF440}.Debug-Performance|Any CPU.Build.0 = Debug|Any CPU
		{9500277E-B07B-4594-8596-F49D6A7EF440}.Release|Any CPU.ActiveCfg = Release|Any CPU
		{9500277E-B07B-4594-8596-F49D6A7EF440}.Release|Any CPU.Build.0 = Release|Any CPU
		{9500277E-B07B-4594-8596-F49D6A7EF440}.Release-FPS|Any CPU.ActiveCfg = Release|Any CPU
		{9500277E-B07B-4594-8596-F49D6A7EF440}.Release-FPS|Any CPU.Build.0 = Release|Any CPU
		{14B3C223-111E-48FD-8761-D54037FE1EAB}.Code Analysis|Any CPU.ActiveCfg = Release-FPS|Any CPU
		{14B3C223-111E-48FD-8761-D54037FE1EAB}.Code Analysis|Any CPU.Build.0 = Release-FPS|Any CPU
		{14B3C223-111E-48FD-8761-D54037FE1EAB}.Debug|Any CPU.ActiveCfg = Debug|Any CPU
		{14B3C223-111E-48FD-8761-D54037FE1EAB}.Debug|Any CPU.Build.0 = Debug|Any CPU
		{14B3C223-111E-48FD-8761-D54037FE1EAB}.Debug-Performance|Any CPU.ActiveCfg = Debug|Any CPU
		{14B3C223-111E-48FD-8761-D54037FE1EAB}.Debug-Performance|Any CPU.Build.0 = Debug|Any CPU
		{14B3C223-111E-48FD-8761-D54037FE1EAB}.Release|Any CPU.ActiveCfg = Release|Any CPU
		{14B3C223-111E-48FD-8761-D54037FE1EAB}.Release|Any CPU.Build.0 = Release|Any CPU
		{14B3C223-111E-48FD-8761-D54037FE1EAB}.Release-FPS|Any CPU.ActiveCfg = Release-FPS|Any CPU
		{14B3C223-111E-48FD-8761-D54037FE1EAB}.Release-FPS|Any CPU.Build.0 = Release-FPS|Any CPU
		{268A8F4C-F0BC-418A-8D73-F633A9E25871}.Code Analysis|Any CPU.ActiveCfg = Release-FPS|Any CPU
		{268A8F4C-F0BC-418A-8D73-F633A9E25871}.Code Analysis|Any CPU.Build.0 = Release-FPS|Any CPU
		{268A8F4C-F0BC-418A-8D73-F633A9E25871}.Debug|Any CPU.ActiveCfg = Debug|Any CPU
		{268A8F4C-F0BC-418A-8D73-F633A9E25871}.Debug|Any CPU.Build.0 = Debug|Any CPU
		{268A8F4C-F0BC-418A-8D73-F633A9E25871}.Debug-Performance|Any CPU.ActiveCfg = Debug|Any CPU
		{268A8F4C-F0BC-418A-8D73-F633A9E25871}.Debug-Performance|Any CPU.Build.0 = Debug|Any CPU
		{268A8F4C-F0BC-418A-8D73-F633A9E25871}.Release|Any CPU.ActiveCfg = Release|Any CPU
		{268A8F4C-F0BC-418A-8D73-F633A9E25871}.Release|Any CPU.Build.0 = Release|Any CPU
		{268A8F4C-F0BC-418A-8D73-F633A9E25871}.Release-FPS|Any CPU.ActiveCfg = Release-FPS|Any CPU
		{268A8F4C-F0BC-418A-8D73-F633A9E25871}.Release-FPS|Any CPU.Build.0 = Release-FPS|Any CPU
		{27834153-04F9-428A-B0F1-1733367B1F93}.Code Analysis|Any CPU.ActiveCfg = Code Analysis|Any CPU
		{27834153-04F9-428A-B0F1-1733367B1F93}.Code Analysis|Any CPU.Build.0 = Code Analysis|Any CPU
		{27834153-04F9-428A-B0F1-1733367B1F93}.Debug|Any CPU.ActiveCfg = Debug|Any CPU
		{27834153-04F9-428A-B0F1-1733367B1F93}.Debug|Any CPU.Build.0 = Debug|Any CPU
		{27834153-04F9-428A-B0F1-1733367B1F93}.Debug-Performance|Any CPU.ActiveCfg = Debug-Performance|Any CPU
		{27834153-04F9-428A-B0F1-1733367B1F93}.Debug-Performance|Any CPU.Build.0 = Debug-Performance|Any CPU
		{27834153-04F9-428A-B0F1-1733367B1F93}.Release|Any CPU.ActiveCfg = Release|Any CPU
		{27834153-04F9-428A-B0F1-1733367B1F93}.Release|Any CPU.Build.0 = Release|Any CPU
		{27834153-04F9-428A-B0F1-1733367B1F93}.Release-FPS|Any CPU.ActiveCfg = Release-FPS|Any CPU
		{27834153-04F9-428A-B0F1-1733367B1F93}.Release-FPS|Any CPU.Build.0 = Release-FPS|Any CPU
		{E44CCFB5-F5AF-458B-8B6D-C9DBEF9FE259}.Code Analysis|Any CPU.ActiveCfg = Debug|Any CPU
		{E44CCFB5-F5AF-458B-8B6D-C9DBEF9FE259}.Code Analysis|Any CPU.Build.0 = Debug|Any CPU
		{E44CCFB5-F5AF-458B-8B6D-C9DBEF9FE259}.Debug|Any CPU.ActiveCfg = Debug|Any CPU
		{E44CCFB5-F5AF-458B-8B6D-C9DBEF9FE259}.Debug|Any CPU.Build.0 = Debug|Any CPU
		{E44CCFB5-F5AF-458B-8B6D-C9DBEF9FE259}.Debug-Performance|Any CPU.ActiveCfg = Debug|Any CPU
		{E44CCFB5-F5AF-458B-8B6D-C9DBEF9FE259}.Debug-Performance|Any CPU.Build.0 = Debug|Any CPU
		{E44CCFB5-F5AF-458B-8B6D-C9DBEF9FE259}.Release|Any CPU.ActiveCfg = Release|Any CPU
		{E44CCFB5-F5AF-458B-8B6D-C9DBEF9FE259}.Release|Any CPU.Build.0 = Release|Any CPU
		{E44CCFB5-F5AF-458B-8B6D-C9DBEF9FE259}.Release-FPS|Any CPU.ActiveCfg = Release|Any CPU
		{E44CCFB5-F5AF-458B-8B6D-C9DBEF9FE259}.Release-FPS|Any CPU.Build.0 = Release|Any CPU
		{80CF6153-150C-4B2B-BF9F-137A2F871AB2}.Code Analysis|Any CPU.ActiveCfg = Debug|Any CPU
		{80CF6153-150C-4B2B-BF9F-137A2F871AB2}.Code Analysis|Any CPU.Build.0 = Debug|Any CPU
		{80CF6153-150C-4B2B-BF9F-137A2F871AB2}.Debug|Any CPU.ActiveCfg = Debug|Any CPU
		{80CF6153-150C-4B2B-BF9F-137A2F871AB2}.Debug|Any CPU.Build.0 = Debug|Any CPU
		{80CF6153-150C-4B2B-BF9F-137A2F871AB2}.Debug-Performance|Any CPU.ActiveCfg = Debug|Any CPU
		{80CF6153-150C-4B2B-BF9F-137A2F871AB2}.Debug-Performance|Any CPU.Build.0 = Debug|Any CPU
		{80CF6153-150C-4B2B-BF9F-137A2F871AB2}.Release|Any CPU.ActiveCfg = Release|Any CPU
		{80CF6153-150C-4B2B-BF9F-137A2F871AB2}.Release|Any CPU.Build.0 = Release|Any CPU
		{80CF6153-150C-4B2B-BF9F-137A2F871AB2}.Release-FPS|Any CPU.ActiveCfg = Release|Any CPU
		{80CF6153-150C-4B2B-BF9F-137A2F871AB2}.Release-FPS|Any CPU.Build.0 = Release|Any CPU
	EndGlobalSection
	GlobalSection(SolutionProperties) = preSolution
		HideSolutionNode = FALSE
	EndGlobalSection
	GlobalSection(NestedProjects) = preSolution
		{C45894BE-1303-4367-9902-C3254FCF182C} = {9D0FCEEC-00DB-4DDC-BB80-EB72BCD98DB5}
		{07E34974-8982-469E-BFE8-9C302B3B5E3B} = {9D0FCEEC-00DB-4DDC-BB80-EB72BCD98DB5}
		{FC8EFA96-77EC-4538-8543-42785C9A721C} = {9D0FCEEC-00DB-4DDC-BB80-EB72BCD98DB5}
		{E44CCFB5-F5AF-458B-8B6D-C9DBEF9FE259} = {9D0FCEEC-00DB-4DDC-BB80-EB72BCD98DB5}
		{80CF6153-150C-4B2B-BF9F-137A2F871AB2} = {9D0FCEEC-00DB-4DDC-BB80-EB72BCD98DB5}
	EndGlobalSection
	GlobalSection(ExtensibilityGlobals) = postSolution
		SolutionGuid = {2E7D7099-E367-4117-9677-045165DB4B95}
	EndGlobalSection
EndGlobal
