
Microsoft Visual Studio Solution File, Format Version 12.00
# Visual Studio Version 16
VisualStudioVersion = 16.0.30611.23
MinimumVisualStudioVersion = 10.0.40219.1
Project("{2150E333-8FDC-42A3-9474-1A3956D46DE8}") = "Solution Items", "Solution Items", "{0AA7F371-1276-4EDB-A3BB-A37CB6C312B5}"
	ProjectSection(SolutionItems) = preProject
		.gitignore = .gitignore
	EndProjectSection
EndProject
Project("{FAE04EC0-301F-11D3-BF4B-00C04F79EFBC}") = "Noid", "Kriptok.Noid\Noid.csproj", "{07E34974-8982-469E-BFE8-9C302B3B5E3B}"
EndProject
Project("{FAE04EC0-301F-11D3-BF4B-00C04F79EFBC}") = "Asteroids", "Kriptok.Asteroids\Asteroids.csproj", "{0FD13EEA-ECEB-4DB2-AF02-A41A1F4A7F82}"
EndProject
Project("{FAE04EC0-301F-11D3-BF4B-00C04F79EFBC}") = "Pong", "Kriptok.Pong\Pong.csproj", "{686D5DF5-8850-486D-96E3-F32B70F9D6DC}"
EndProject
Project("{FAE04EC0-301F-11D3-BF4B-00C04F79EFBC}") = "Snake", "Kriptok.Snake\Snake.csproj", "{FC8EFA96-77EC-4538-8543-42785C9A721C}"
EndProject
Project("{FAE04EC0-301F-11D3-BF4B-00C04F79EFBC}") = "Galax", "Kriptok.Galax\Galax.csproj", "{C45894BE-1303-4367-9902-C3254FCF182C}"
EndProject
Global
	GlobalSection(SolutionConfigurationPlatforms) = preSolution
		Debug|Any CPU = Debug|Any CPU
		Release|Any CPU = Release|Any CPU
		Release-FPS|Any CPU = Release-FPS|Any CPU
	EndGlobalSection
	GlobalSection(ProjectConfigurationPlatforms) = postSolution
		{07E34974-8982-469E-BFE8-9C302B3B5E3B}.Debug|Any CPU.ActiveCfg = Debug|Any CPU
		{07E34974-8982-469E-BFE8-9C302B3B5E3B}.Debug|Any CPU.Build.0 = Debug|Any CPU
		{07E34974-8982-469E-BFE8-9C302B3B5E3B}.Release|Any CPU.ActiveCfg = Release|Any CPU
		{07E34974-8982-469E-BFE8-9C302B3B5E3B}.Release|Any CPU.Build.0 = Release|Any CPU
		{07E34974-8982-469E-BFE8-9C302B3B5E3B}.Release-FPS|Any CPU.ActiveCfg = Release-FPS|Any CPU
		{07E34974-8982-469E-BFE8-9C302B3B5E3B}.Release-FPS|Any CPU.Build.0 = Release-FPS|Any CPU
		{0FD13EEA-ECEB-4DB2-AF02-A41A1F4A7F82}.Debug|Any CPU.ActiveCfg = Debug|Any CPU
		{0FD13EEA-ECEB-4DB2-AF02-A41A1F4A7F82}.Debug|Any CPU.Build.0 = Debug|Any CPU
		{0FD13EEA-ECEB-4DB2-AF02-A41A1F4A7F82}.Release|Any CPU.ActiveCfg = Release|Any CPU
		{0FD13EEA-ECEB-4DB2-AF02-A41A1F4A7F82}.Release|Any CPU.Build.0 = Release|Any CPU
		{0FD13EEA-ECEB-4DB2-AF02-A41A1F4A7F82}.Release-FPS|Any CPU.ActiveCfg = Release-FPS|Any CPU
		{0FD13EEA-ECEB-4DB2-AF02-A41A1F4A7F82}.Release-FPS|Any CPU.Build.0 = Release-FPS|Any CPU
		{686D5DF5-8850-486D-96E3-F32B70F9D6DC}.Debug|Any CPU.ActiveCfg = Debug|Any CPU
		{686D5DF5-8850-486D-96E3-F32B70F9D6DC}.Debug|Any CPU.Build.0 = Debug|Any CPU
		{686D5DF5-8850-486D-96E3-F32B70F9D6DC}.Release|Any CPU.ActiveCfg = Release|Any CPU
		{686D5DF5-8850-486D-96E3-F32B70F9D6DC}.Release|Any CPU.Build.0 = Release|Any CPU
		{686D5DF5-8850-486D-96E3-F32B70F9D6DC}.Release-FPS|Any CPU.ActiveCfg = Release-FPS|Any CPU
		{686D5DF5-8850-486D-96E3-F32B70F9D6DC}.Release-FPS|Any CPU.Build.0 = Release-FPS|Any CPU
		{FC8EFA96-77EC-4538-8543-42785C9A721C}.Debug|Any CPU.ActiveCfg = Debug|Any CPU
		{FC8EFA96-77EC-4538-8543-42785C9A721C}.Debug|Any CPU.Build.0 = Debug|Any CPU
		{FC8EFA96-77EC-4538-8543-42785C9A721C}.Release|Any CPU.ActiveCfg = Release|Any CPU
		{FC8EFA96-77EC-4538-8543-42785C9A721C}.Release|Any CPU.Build.0 = Release|Any CPU
		{FC8EFA96-77EC-4538-8543-42785C9A721C}.Release-FPS|Any CPU.ActiveCfg = Release-FPS|Any CPU
		{FC8EFA96-77EC-4538-8543-42785C9A721C}.Release-FPS|Any CPU.Build.0 = Release-FPS|Any CPU
		{C45894BE-1303-4367-9902-C3254FCF182C}.Debug|Any CPU.ActiveCfg = Debug|Any CPU
		{C45894BE-1303-4367-9902-C3254FCF182C}.Debug|Any CPU.Build.0 = Debug|Any CPU
		{C45894BE-1303-4367-9902-C3254FCF182C}.Release|Any CPU.ActiveCfg = Release|Any CPU
		{C45894BE-1303-4367-9902-C3254FCF182C}.Release|Any CPU.Build.0 = Release|Any CPU
		{C45894BE-1303-4367-9902-C3254FCF182C}.Release-FPS|Any CPU.ActiveCfg = Release-FPS|Any CPU
		{C45894BE-1303-4367-9902-C3254FCF182C}.Release-FPS|Any CPU.Build.0 = Release-FPS|Any CPU
	EndGlobalSection
	GlobalSection(SolutionProperties) = preSolution
		HideSolutionNode = FALSE
	EndGlobalSection
	GlobalSection(ExtensibilityGlobals) = postSolution
		SolutionGuid = {2E7D7099-E367-4117-9677-045165DB4B95}
	EndGlobalSection
EndGlobal
